
Microsoft Visual Studio Solution File, Format Version 12.00
# Visual Studio Version 17
VisualStudioVersion = 17.0.31903.59
MinimumVisualStudioVersion = 10.0.40219.1
Project("{2150E333-8FDC-42A3-9474-1A3956D46DE8}") = "src", "src", "{85CC2047-C523-4BAB-BDCA-B48004902251}"
EndProject
Project("{FAE04EC0-301F-11D3-BF4B-00C04F79EFBC}") = "WebApi", "src\WebApi\WebApi.csproj", "{FE43981B-2AD3-4BBB-9171-5F2D44BD7367}"
EndProject
Project("{2150E333-8FDC-42A3-9474-1A3956D46DE8}") = "test", "test", "{929D85DD-7A66-4EB5-92F1-EF0327BA6FBF}"
EndProject
Project("{FAE04EC0-301F-11D3-BF4B-00C04F79EFBC}") = "WebApiTests", "test\WebApiTests\WebApiTests.csproj", "{2AC56495-1BC6-4290-903C-22BB2931316C}"
EndProject
Global
	GlobalSection(SolutionConfigurationPlatforms) = preSolution
		Debug|Any CPU = Debug|Any CPU
		Release|Any CPU = Release|Any CPU
	EndGlobalSection
	GlobalSection(SolutionProperties) = preSolution
		HideSolutionNode = FALSE
	EndGlobalSection
	GlobalSection(ProjectConfigurationPlatforms) = postSolution
		{FE43981B-2AD3-4BBB-9171-5F2D44BD7367}.Debug|Any CPU.ActiveCfg = Debug|Any CPU
		{FE43981B-2AD3-4BBB-9171-5F2D44BD7367}.Debug|Any CPU.Build.0 = Debug|Any CPU
		{FE43981B-2AD3-4BBB-9171-5F2D44BD7367}.Release|Any CPU.ActiveCfg = Release|Any CPU
		{FE43981B-2AD3-4BBB-9171-5F2D44BD7367}.Release|Any CPU.Build.0 = Release|Any CPU
		{2AC56495-1BC6-4290-903C-22BB2931316C}.Debug|Any CPU.ActiveCfg = Debug|Any CPU
		{2AC56495-1BC6-4290-903C-22BB2931316C}.Debug|Any CPU.Build.0 = Debug|Any CPU
		{2AC56495-1BC6-4290-903C-22BB2931316C}.Release|Any CPU.ActiveCfg = Release|Any CPU
		{2AC56495-1BC6-4290-903C-22BB2931316C}.Release|Any CPU.Build.0 = Release|Any CPU
	EndGlobalSection
	GlobalSection(NestedProjects) = preSolution
		{FE43981B-2AD3-4BBB-9171-5F2D44BD7367} = {85CC2047-C523-4BAB-BDCA-B48004902251}
		{2AC56495-1BC6-4290-903C-22BB2931316C} = {929D85DD-7A66-4EB5-92F1-EF0327BA6FBF}
	EndGlobalSection
EndGlobal
